
Microsoft Visual Studio Solution File, Format Version 12.00
# Visual Studio Version 16
VisualStudioVersion = 25.0.1706.5
MinimumVisualStudioVersion = 10.0.40219.1
Project("{FAE04EC0-301F-11D3-BF4B-00C04F79EFBC}") = "Pradan_Andrei_Lab1", "Pradan_Andrei_Lab1\Pradan_Andrei_Lab1.csproj", "{E94DC77C-E64B-4C7F-B1ED-8134396C6E4B}"
EndProject
Global
	GlobalSection(SolutionConfigurationPlatforms) = preSolution
		Debug|Any CPU = Debug|Any CPU
		Release|Any CPU = Release|Any CPU
	EndGlobalSection
	GlobalSection(ProjectConfigurationPlatforms) = postSolution
		{E94DC77C-E64B-4C7F-B1ED-8134396C6E4B}.Debug|Any CPU.ActiveCfg = Debug|Any CPU
		{E94DC77C-E64B-4C7F-B1ED-8134396C6E4B}.Debug|Any CPU.Build.0 = Debug|Any CPU
		{E94DC77C-E64B-4C7F-B1ED-8134396C6E4B}.Release|Any CPU.ActiveCfg = Release|Any CPU
		{E94DC77C-E64B-4C7F-B1ED-8134396C6E4B}.Release|Any CPU.Build.0 = Release|Any CPU
	EndGlobalSection
	GlobalSection(SolutionProperties) = preSolution
		HideSolutionNode = FALSE
	EndGlobalSection
	GlobalSection(ExtensibilityGlobals) = postSolution
		SolutionGuid = {556E31EF-F0EC-45A9-8E3D-B186C763D952}
	EndGlobalSection
EndGlobal
